
Microsoft Visual Studio Solution File, Format Version 11.00
# Visual Studio 2010
Project("{FAE04EC0-301F-11D3-BF4B-00C04F79EFBC}") = "Assembly-CSharp", "Assembly-CSharp.csproj", "{3f3ad4b7-dc5f-c114-2827-3f2215d61a88}"
EndProject
Project("{FAE04EC0-301F-11D3-BF4B-00C04F79EFBC}") = "Assembly-CSharp-Editor", "Assembly-CSharp-Editor.csproj", "{901ed9a3-99e8-39b6-7483-8b1571513fc1}"
EndProject
Global
	GlobalSection(SolutionConfigurationPlatforms) = preSolution
		Debug|Any CPU = Debug|Any CPU
	EndGlobalSection
	GlobalSection(ProjectConfigurationPlatforms) = postSolution
		{3f3ad4b7-dc5f-c114-2827-3f2215d61a88}.Debug|Any CPU.ActiveCfg = Debug|Any CPU
		{3f3ad4b7-dc5f-c114-2827-3f2215d61a88}.Debug|Any CPU.Build.0 = Debug|Any CPU
		{901ed9a3-99e8-39b6-7483-8b1571513fc1}.Debug|Any CPU.ActiveCfg = Debug|Any CPU
		{901ed9a3-99e8-39b6-7483-8b1571513fc1}.Debug|Any CPU.Build.0 = Debug|Any CPU
	EndGlobalSection
	GlobalSection(SolutionProperties) = preSolution
		HideSolutionNode = FALSE
	EndGlobalSection
EndGlobal
